github.com/go-ruby-prettyprint/prettyprint v0.0.0-20260629152429-60a380e82d7d h1:hH6O6QdrUlbePkqb8skhFQ0BVuMe0u1c/CXFFaVUnXg=
github.com/go-ruby-prettyprint/prettyprint v0.0.0-20260629152429-60a380e82d7d/go.mod h1:SIQyfiIJRKJq0OD9gWYfmvQTdJClJf8z56BsfVVw7rY=
github.com/go-ruby-prettyprint/prettyprint v0.0.0-20260717072124-c98cbe80c502 h1:IWBzDuhzawtJ8ITpbKv+jDCNs8OMPXTgeA/ON34gNqQ=
github.com/go-ruby-prettyprint/prettyprint v0.0.0-20260717072124-c98cbe80c502/go.mod h1:SIQyfiIJRKJq0OD9gWYfmvQTdJClJf8z56BsfVVw7rY=
